
Microsoft Visual Studio Solution File, Format Version 12.00
# Visual Studio 2013
VisualStudioVersion = 12.0.21005.1
MinimumVisualStudioVersion = 10.0.40219.1
Project("{FAE04EC0-301F-11D3-BF4B-00C04F79EFBC}") = "MakerPlatform", "MakerPlatform\MakerPlatform.csproj", "{23FB9BFC-8DF8-4D0B-8AC1-2F43E51A39B1}"
EndProject
Project("{FAE04EC0-301F-11D3-BF4B-00C04F79EFBC}") = "MakerPlatform.Tests", "MakerPlatform.Tests\MakerPlatform.Tests.csproj", "{94FE1D97-3438-4B69-A457-778BDC171128}"
EndProject
Global
	GlobalSection(SolutionConfigurationPlatforms) = preSolution
		Debug|Any CPU = Debug|Any CPU
		Release|Any CPU = Release|Any CPU
	EndGlobalSection
	GlobalSection(ProjectConfigurationPlatforms) = postSolution
		{23FB9BFC-8DF8-4D0B-8AC1-2F43E51A39B1}.Debug|Any CPU.ActiveCfg = Debug|Any CPU
		{23FB9BFC-8DF8-4D0B-8AC1-2F43E51A39B1}.Debug|Any CPU.Build.0 = Debug|Any CPU
		{23FB9BFC-8DF8-4D0B-8AC1-2F43E51A39B1}.Release|Any CPU.ActiveCfg = Release|Any CPU
		{23FB9BFC-8DF8-4D0B-8AC1-2F43E51A39B1}.Release|Any CPU.Build.0 = Release|Any CPU
		{94FE1D97-3438-4B69-A457-778BDC171128}.Debug|Any CPU.ActiveCfg = Debug|Any CPU
		{94FE1D97-3438-4B69-A457-778BDC171128}.Debug|Any CPU.Build.0 = Debug|Any CPU
		{94FE1D97-3438-4B69-A457-778BDC171128}.Release|Any CPU.ActiveCfg = Release|Any CPU
		{94FE1D97-3438-4B69-A457-778BDC171128}.Release|Any CPU.Build.0 = Release|Any CPU
	EndGlobalSection
	GlobalSection(SolutionProperties) = preSolution
		HideSolutionNode = FALSE
	EndGlobalSection
EndGlobal
